{
  "originHash" : "ad65bc04f44a7a6a3cda1dfb9766b68e87865bd260272c352fb22b973716a555",
  "pins" : [
    {
      "identity" : "openssl",
      "kind" : "remoteSourceControl",
      "location" : "https://github.com/krzyzanowskim/OpenSSL.git",
      "state" : {
        "revision" : "8729614a93e6b20307db3c3359aed81f030facaa",
        "version" : "3.3.2000"
      }
    },
    {
      "identity" : "tap2id-verifiersdk-ios",
      "kind" : "remoteSourceControl",
      "location" : "https://github.com/CredenceID/Tap2iD-VerifierSDK-iOS",
      "state" : {
        "revision" : "ae9cdfc64756b932acd52dc06b6ef3daa19ec592",
        "version" : "1.0.1"
      }
    }
  ],
  "version" : 3
}
