{
  "originHash" : "ad65bc04f44a7a6a3cda1dfb9766b68e87865bd260272c352fb22b973716a555",
  "pins" : [
    {
      "identity" : "openssl",
      "kind" : "remoteSourceControl",
      "location" : "https://github.com/krzyzanowskim/OpenSSL.git",
      "state" : {
        "revision" : "623c84da314e85363236507ca38a4bde65df21c3",
        "version" : "3.3.3001"
      }
    },
    {
      "identity" : "tap2id-verifiersdk-ios",
      "kind" : "remoteSourceControl",
      "location" : "https://github.com/CredenceID/Tap2iD-VerifierSDK-iOS",
      "state" : {
        "revision" : "d137cc3eafed152acdb9b5e58172f05181e1b475",
        "version" : "2.0.1"
      }
    }
  ],
  "version" : 3
}
